
Microsoft Visual Studio Solution File, Format Version 12.00
Project("{FAE04EC0-301F-11D3-BF4B-00C04F79EFBC}") = "RentACar", "RentACar\RentACar.csproj", "{704B5410-09E0-414C-922F-E72F548E6D5B}"
EndProject
Global
	GlobalSection(SolutionConfigurationPlatforms) = preSolution
		Debug|Any CPU = Debug|Any CPU
		Release|Any CPU = Release|Any CPU
	EndGlobalSection
	GlobalSection(ProjectConfigurationPlatforms) = postSolution
		{704B5410-09E0-414C-922F-E72F548E6D5B}.Debug|Any CPU.ActiveCfg = Debug|Any CPU
		{704B5410-09E0-414C-922F-E72F548E6D5B}.Debug|Any CPU.Build.0 = Debug|Any CPU
		{704B5410-09E0-414C-922F-E72F548E6D5B}.Release|Any CPU.ActiveCfg = Release|Any CPU
		{704B5410-09E0-414C-922F-E72F548E6D5B}.Release|Any CPU.Build.0 = Release|Any CPU
	EndGlobalSection
EndGlobal
